
Microsoft Visual Studio Solution File, Format Version 12.00
# Visual Studio Version 17
VisualStudioVersion = 17.4.33213.308
MinimumVisualStudioVersion = 10.0.40219.1
Project("{FAE04EC0-301F-11D3-BF4B-00C04F79EFBC}") = "Space Race", "Space Race\Space Race.csproj", "{E44481D0-6410-42CC-B44F-A368DE2C1DF3}"
EndProject
Global
	GlobalSection(SolutionConfigurationPlatforms) = preSolution
		Debug|Any CPU = Debug|Any CPU
		Release|Any CPU = Release|Any CPU
	EndGlobalSection
	GlobalSection(ProjectConfigurationPlatforms) = postSolution
		{E44481D0-6410-42CC-B44F-A368DE2C1DF3}.Debug|Any CPU.ActiveCfg = Debug|Any CPU
		{E44481D0-6410-42CC-B44F-A368DE2C1DF3}.Debug|Any CPU.Build.0 = Debug|Any CPU
		{E44481D0-6410-42CC-B44F-A368DE2C1DF3}.Release|Any CPU.ActiveCfg = Release|Any CPU
		{E44481D0-6410-42CC-B44F-A368DE2C1DF3}.Release|Any CPU.Build.0 = Release|Any CPU
	EndGlobalSection
	GlobalSection(SolutionProperties) = preSolution
		HideSolutionNode = FALSE
	EndGlobalSection
	GlobalSection(ExtensibilityGlobals) = postSolution
		SolutionGuid = {01D73B36-9C6D-4079-8E59-31B9A8116186}
	EndGlobalSection
EndGlobal
